
Microsoft Visual Studio Solution File, Format Version 12.00
# Visual Studio Version 16
VisualStudioVersion = 16.0.29326.143
MinimumVisualStudioVersion = 10.0.40219.1
Project("{FAE04EC0-301F-11D3-BF4B-00C04F79EFBC}") = "KomoUpdater", "Yad2Updater\KomoUpdater.csproj", "{AB92CCE3-8494-49E5-AB97-E3D971D3921D}"
EndProject
Global
	GlobalSection(SolutionConfigurationPlatforms) = preSolution
		Debug|Any CPU = Debug|Any CPU
		Release|Any CPU = Release|Any CPU
	EndGlobalSection
	GlobalSection(ProjectConfigurationPlatforms) = postSolution
		{AB92CCE3-8494-49E5-AB97-E3D971D3921D}.Debug|Any CPU.ActiveCfg = Debug|Any CPU
		{AB92CCE3-8494-49E5-AB97-E3D971D3921D}.Debug|Any CPU.Build.0 = Debug|Any CPU
		{AB92CCE3-8494-49E5-AB97-E3D971D3921D}.Release|Any CPU.ActiveCfg = Release|Any CPU
		{AB92CCE3-8494-49E5-AB97-E3D971D3921D}.Release|Any CPU.Build.0 = Release|Any CPU
	EndGlobalSection
	GlobalSection(SolutionProperties) = preSolution
		HideSolutionNode = FALSE
	EndGlobalSection
	GlobalSection(ExtensibilityGlobals) = postSolution
		SolutionGuid = {DFC681B1-A40D-4C8E-85B0-898489D23EF7}
	EndGlobalSection
EndGlobal
